# Atum A3 Nano. Paths are relative to the project staged under build/.
set_global_assignment -name FAMILY "Agilex 3"
set_global_assignment -name DEVICE A3CZ135BB18AE7S
set_global_assignment -name TOP_LEVEL_ENTITY top
source ../../../boards/shared/agilex3.qsf
set_global_assignment -name VERILOG_FILE ../../../boards/atum_a3_nano/rtl/top.v
set_global_assignment -name VERILOG_FILE ../../../boards/atum_a3_nano/rtl/atum_tfp410_init.v
set_global_assignment -name SDC_FILE ../../../boards/atum_a3_nano/atum_a3_nano.sdc
set_global_assignment -name USE_INIT_DONE SDM_IO13

# Board pin assignments. SDRAM test tools extract these assignments.
# CLOCK0_50 drives the Terasic HDMI PLL; CLOCK1_50 feeds the RISC-C system
# PLL, which generates the 200 MHz CPU and 166 2/3 MHz SDRAM clocks.
set_instance_assignment -name IO_STANDARD "1.2-V" -to CLOCK0_50
set_location_assignment PIN_K43 -to CLOCK0_50
set_instance_assignment -name IO_STANDARD "3.3-V LVCMOS" -to CLOCK1_50
set_location_assignment PIN_A8 -to CLOCK1_50

set_instance_assignment -name IO_STANDARD "3.3-V LVCMOS" -to KEY[0]
set_instance_assignment -name IO_STANDARD "3.3-V LVCMOS" -to KEY[1]
set_location_assignment PIN_E2 -to KEY[0]
set_location_assignment PIN_K3 -to KEY[1]

set_instance_assignment -name IO_STANDARD "3.3-V LVCMOS" -to FPGA_UART_TX
set_instance_assignment -name IO_STANDARD "3.3-V LVCMOS" -to FPGA_UART_RX
set_location_assignment PIN_T6 -to FPGA_UART_TX
set_location_assignment PIN_L1 -to FPGA_UART_RX

# LEDs on the Atum A3 Nano are active low.
set_instance_assignment -name IO_STANDARD "3.3-V LVCMOS" -to LED[0]
set_instance_assignment -name IO_STANDARD "3.3-V LVCMOS" -to LED[1]
set_instance_assignment -name IO_STANDARD "3.3-V LVCMOS" -to LED[2]
set_instance_assignment -name IO_STANDARD "3.3-V LVCMOS" -to LED[3]
set_location_assignment PIN_AG2 -to LED[0]
set_location_assignment PIN_AM6 -to LED[1]
set_location_assignment PIN_AF1 -to LED[2]
set_location_assignment PIN_AF2 -to LED[3]

# TFP410 HDMI transmitter: 24-bit parallel video, control, pixel clock, and
# its board I2C enable/configuration interface.
set_instance_assignment -name IO_STANDARD "3.3-V LVCMOS" -to HDMI_I2C_SCL
set_instance_assignment -name IO_STANDARD "3.3-V LVCMOS" -to HDMI_I2C_SDA
set_location_assignment PIN_M2 -to HDMI_I2C_SCL
set_location_assignment PIN_N2 -to HDMI_I2C_SDA

set_instance_assignment -name IO_STANDARD "1.2-V" -to HDMI_TX_HS
set_instance_assignment -name IO_STANDARD "1.2-V" -to HDMI_TX_VS
set_instance_assignment -name IO_STANDARD "1.2-V" -to HDMI_TX_D[0]
set_instance_assignment -name IO_STANDARD "1.2-V" -to HDMI_TX_D[1]
set_instance_assignment -name IO_STANDARD "1.2-V" -to HDMI_TX_D[2]
set_instance_assignment -name IO_STANDARD "1.2-V" -to HDMI_TX_D[3]
set_instance_assignment -name IO_STANDARD "1.2-V" -to HDMI_TX_D[4]
set_instance_assignment -name IO_STANDARD "1.2-V" -to HDMI_TX_D[5]
set_instance_assignment -name IO_STANDARD "1.2-V" -to HDMI_TX_D[6]
set_instance_assignment -name IO_STANDARD "1.2-V" -to HDMI_TX_D[7]
set_instance_assignment -name IO_STANDARD "1.2-V" -to HDMI_TX_D[8]
set_instance_assignment -name IO_STANDARD "1.2-V" -to HDMI_TX_D[9]
set_instance_assignment -name IO_STANDARD "1.2-V" -to HDMI_TX_D[10]
set_instance_assignment -name IO_STANDARD "1.2-V" -to HDMI_TX_D[11]
set_instance_assignment -name IO_STANDARD "1.2-V" -to HDMI_TX_D[12]
set_instance_assignment -name IO_STANDARD "1.2-V" -to HDMI_TX_D[13]
set_instance_assignment -name IO_STANDARD "1.2-V" -to HDMI_TX_D[14]
set_instance_assignment -name IO_STANDARD "1.2-V" -to HDMI_TX_D[15]
set_instance_assignment -name IO_STANDARD "1.2-V" -to HDMI_TX_D[16]
set_instance_assignment -name IO_STANDARD "1.2-V" -to HDMI_TX_D[17]
set_instance_assignment -name IO_STANDARD "1.2-V" -to HDMI_TX_D[18]
set_instance_assignment -name IO_STANDARD "1.2-V" -to HDMI_TX_D[19]
set_instance_assignment -name IO_STANDARD "1.2-V" -to HDMI_TX_D[20]
set_instance_assignment -name IO_STANDARD "1.2-V" -to HDMI_TX_D[21]
set_instance_assignment -name IO_STANDARD "1.2-V" -to HDMI_TX_D[22]
set_instance_assignment -name IO_STANDARD "1.2-V" -to HDMI_TX_D[23]
set_instance_assignment -name IO_STANDARD "1.2-V" -to HDMI_TX_DE
set_instance_assignment -name IO_STANDARD "DIFFERENTIAL 1.2-V SSTL" -to HDMI_TX_CLK_p
# Quartus 26.1 creates the complementary output automatically, but unlike
# 25.1 it requires an explicit standard on that generated pin before the
# assembler will emit a programming file.
set_instance_assignment -name IO_STANDARD "DIFFERENTIAL 1.2-V SSTL" -to "HDMI_TX_CLK_p(n)"
set_location_assignment PIN_R52 -to HDMI_TX_HS
set_location_assignment PIN_N52 -to HDMI_TX_VS
set_location_assignment PIN_G52 -to HDMI_TX_D[0]
set_location_assignment PIN_J52 -to HDMI_TX_D[1]
set_location_assignment PIN_G51 -to HDMI_TX_D[2]
set_location_assignment PIN_J51 -to HDMI_TX_D[3]
set_location_assignment PIN_M51 -to HDMI_TX_D[4]
set_location_assignment PIN_H43 -to HDMI_TX_D[5]
set_location_assignment PIN_A34 -to HDMI_TX_D[6]
set_location_assignment PIN_A29 -to HDMI_TX_D[7]
set_location_assignment PIN_B29 -to HDMI_TX_D[8]
set_location_assignment PIN_B27 -to HDMI_TX_D[9]
set_location_assignment PIN_A26 -to HDMI_TX_D[10]
set_location_assignment PIN_B26 -to HDMI_TX_D[11]
set_location_assignment PIN_A31 -to HDMI_TX_D[12]
set_location_assignment PIN_H35 -to HDMI_TX_D[13]
set_location_assignment PIN_A37 -to HDMI_TX_D[14]
set_location_assignment PIN_F35 -to HDMI_TX_D[15]
set_location_assignment PIN_F40 -to HDMI_TX_D[16]
set_location_assignment PIN_F32 -to HDMI_TX_D[17]
set_location_assignment PIN_V52 -to HDMI_TX_D[18]
set_location_assignment PIN_K35 -to HDMI_TX_D[19]
set_location_assignment PIN_V51 -to HDMI_TX_D[20]
set_location_assignment PIN_K32 -to HDMI_TX_D[21]
set_location_assignment PIN_K40 -to HDMI_TX_D[22]
set_location_assignment PIN_A24 -to HDMI_TX_D[23]
set_location_assignment PIN_R51 -to HDMI_TX_DE
set_location_assignment PIN_L51 -to HDMI_TX_CLK_p

set_instance_assignment -name IO_STANDARD "3.3-V LVCMOS" -to HDMI_ISEL
set_instance_assignment -name IO_STANDARD "3.3-V LVCMOS" -to HDMI_PD_n
set_location_assignment PIN_J2 -to HDMI_ISEL
set_location_assignment PIN_J1 -to HDMI_PD_n

# External SDRAM pinout from the board's SDRAM reference design.
set_instance_assignment -name IO_STANDARD "1.8-V LVCMOS" -to sd_clk
set_instance_assignment -name IO_STANDARD "1.8-V LVCMOS" -to sd_cke
set_instance_assignment -name IO_STANDARD "1.8-V LVCMOS" -to sd_addr[0]
set_instance_assignment -name IO_STANDARD "1.8-V LVCMOS" -to sd_addr[1]
set_instance_assignment -name IO_STANDARD "1.8-V LVCMOS" -to sd_addr[2]
set_instance_assignment -name IO_STANDARD "1.8-V LVCMOS" -to sd_addr[3]
set_instance_assignment -name IO_STANDARD "1.8-V LVCMOS" -to sd_addr[4]
set_instance_assignment -name IO_STANDARD "1.8-V LVCMOS" -to sd_addr[5]
set_instance_assignment -name IO_STANDARD "1.8-V LVCMOS" -to sd_addr[6]
set_instance_assignment -name IO_STANDARD "1.8-V LVCMOS" -to sd_addr[7]
set_instance_assignment -name IO_STANDARD "1.8-V LVCMOS" -to sd_addr[8]
set_instance_assignment -name IO_STANDARD "1.8-V LVCMOS" -to sd_addr[9]
set_instance_assignment -name IO_STANDARD "1.8-V LVCMOS" -to sd_addr[10]
set_instance_assignment -name IO_STANDARD "1.8-V LVCMOS" -to sd_addr[11]
set_instance_assignment -name IO_STANDARD "1.8-V LVCMOS" -to sd_addr[12]
set_instance_assignment -name IO_STANDARD "1.8-V LVCMOS" -to sd_ba[0]
set_instance_assignment -name IO_STANDARD "1.8-V LVCMOS" -to sd_ba[1]
set_instance_assignment -name IO_STANDARD "1.8-V LVCMOS" -to sd_dq[0]
set_instance_assignment -name IO_STANDARD "1.8-V LVCMOS" -to sd_dq[1]
set_instance_assignment -name IO_STANDARD "1.8-V LVCMOS" -to sd_dq[2]
set_instance_assignment -name IO_STANDARD "1.8-V LVCMOS" -to sd_dq[3]
set_instance_assignment -name IO_STANDARD "1.8-V LVCMOS" -to sd_dq[4]
set_instance_assignment -name IO_STANDARD "1.8-V LVCMOS" -to sd_dq[5]
set_instance_assignment -name IO_STANDARD "1.8-V LVCMOS" -to sd_dq[6]
set_instance_assignment -name IO_STANDARD "1.8-V LVCMOS" -to sd_dq[7]
set_instance_assignment -name IO_STANDARD "1.8-V LVCMOS" -to sd_dq[8]
set_instance_assignment -name IO_STANDARD "1.8-V LVCMOS" -to sd_dq[9]
set_instance_assignment -name IO_STANDARD "1.8-V LVCMOS" -to sd_dq[10]
set_instance_assignment -name IO_STANDARD "1.8-V LVCMOS" -to sd_dq[11]
set_instance_assignment -name IO_STANDARD "1.8-V LVCMOS" -to sd_dq[12]
set_instance_assignment -name IO_STANDARD "1.8-V LVCMOS" -to sd_dq[13]
set_instance_assignment -name IO_STANDARD "1.8-V LVCMOS" -to sd_dq[14]
set_instance_assignment -name IO_STANDARD "1.8-V LVCMOS" -to sd_dq[15]
set_instance_assignment -name IO_STANDARD "1.8-V LVCMOS" -to sd_dq[16]
set_instance_assignment -name IO_STANDARD "1.8-V LVCMOS" -to sd_dq[17]
set_instance_assignment -name IO_STANDARD "1.8-V LVCMOS" -to sd_dq[18]
set_instance_assignment -name IO_STANDARD "1.8-V LVCMOS" -to sd_dq[19]
set_instance_assignment -name IO_STANDARD "1.8-V LVCMOS" -to sd_dq[20]
set_instance_assignment -name IO_STANDARD "1.8-V LVCMOS" -to sd_dq[21]
set_instance_assignment -name IO_STANDARD "1.8-V LVCMOS" -to sd_dq[22]
set_instance_assignment -name IO_STANDARD "1.8-V LVCMOS" -to sd_dq[23]
set_instance_assignment -name IO_STANDARD "1.8-V LVCMOS" -to sd_dq[24]
set_instance_assignment -name IO_STANDARD "1.8-V LVCMOS" -to sd_dq[25]
set_instance_assignment -name IO_STANDARD "1.8-V LVCMOS" -to sd_dq[26]
set_instance_assignment -name IO_STANDARD "1.8-V LVCMOS" -to sd_dq[27]
set_instance_assignment -name IO_STANDARD "1.8-V LVCMOS" -to sd_dq[28]
set_instance_assignment -name IO_STANDARD "1.8-V LVCMOS" -to sd_dq[29]
set_instance_assignment -name IO_STANDARD "1.8-V LVCMOS" -to sd_dq[30]
set_instance_assignment -name IO_STANDARD "1.8-V LVCMOS" -to sd_dq[31]
set_instance_assignment -name IO_STANDARD "1.8-V LVCMOS" -to sd_cs_n
set_instance_assignment -name IO_STANDARD "1.8-V LVCMOS" -to sd_we_n
set_instance_assignment -name IO_STANDARD "1.8-V LVCMOS" -to sd_cas_n
set_instance_assignment -name IO_STANDARD "1.8-V LVCMOS" -to sd_ras_n
set_instance_assignment -name IO_STANDARD "1.8-V LVCMOS" -to sd_dqm[0]
set_instance_assignment -name IO_STANDARD "1.8-V LVCMOS" -to sd_dqm[1]
set_instance_assignment -name IO_STANDARD "1.8-V LVCMOS" -to sd_dqm[2]
set_instance_assignment -name IO_STANDARD "1.8-V LVCMOS" -to sd_dqm[3]
set_location_assignment PIN_BK32 -to sd_clk
set_location_assignment PIN_BK40 -to sd_cke
set_location_assignment PIN_BN26 -to sd_addr[0]
set_location_assignment PIN_BH27 -to sd_addr[1]
set_location_assignment PIN_BM26 -to sd_addr[2]
set_location_assignment PIN_BH21 -to sd_addr[3]
set_location_assignment PIN_BH26 -to sd_addr[4]
set_location_assignment PIN_BH18 -to sd_addr[5]
set_location_assignment PIN_BK18 -to sd_addr[6]
set_location_assignment PIN_BH32 -to sd_addr[7]
set_location_assignment PIN_BM24 -to sd_addr[8]
set_location_assignment PIN_BH35 -to sd_addr[9]
set_location_assignment PIN_BN27 -to sd_addr[10]
set_location_assignment PIN_BN29 -to sd_addr[11]
set_location_assignment PIN_BK26 -to sd_addr[12]
set_location_assignment PIN_BH43 -to sd_ba[0]
set_location_assignment PIN_BM29 -to sd_ba[1]
set_location_assignment PIN_BM50 -to sd_dq[0]
set_location_assignment PIN_BM51 -to sd_dq[1]
set_location_assignment PIN_BN47 -to sd_dq[2]
set_location_assignment PIN_BM47 -to sd_dq[3]
set_location_assignment PIN_BL51 -to sd_dq[4]
set_location_assignment PIN_BH50 -to sd_dq[5]
set_location_assignment PIN_BK50 -to sd_dq[6]
set_location_assignment PIN_BH46 -to sd_dq[7]
set_location_assignment PIN_BM37 -to sd_dq[8]
set_location_assignment PIN_BN37 -to sd_dq[9]
set_location_assignment PIN_BM42 -to sd_dq[10]
set_location_assignment PIN_BN42 -to sd_dq[11]
set_location_assignment PIN_BM44 -to sd_dq[12]
set_location_assignment PIN_BN45 -to sd_dq[13]
set_location_assignment PIN_BN39 -to sd_dq[14]
set_location_assignment PIN_BM45 -to sd_dq[15]
set_location_assignment PIN_BG2  -to sd_dq[16]
set_location_assignment PIN_BA2  -to sd_dq[17]
set_location_assignment PIN_BC2  -to sd_dq[18]
set_location_assignment PIN_BJ1  -to sd_dq[19]
set_location_assignment PIN_BE4  -to sd_dq[20]
set_location_assignment PIN_BG1  -to sd_dq[21]
set_location_assignment PIN_BC1  -to sd_dq[22]
set_location_assignment PIN_BD1  -to sd_dq[23]
set_location_assignment PIN_BN5  -to sd_dq[24]
set_location_assignment PIN_BM9  -to sd_dq[25]
set_location_assignment PIN_BM8  -to sd_dq[26]
set_location_assignment PIN_BN11 -to sd_dq[27]
set_location_assignment PIN_BN8  -to sd_dq[28]
set_location_assignment PIN_BN14 -to sd_dq[29]
set_location_assignment PIN_BM11 -to sd_dq[30]
set_location_assignment PIN_BN16 -to sd_dq[31]
set_location_assignment PIN_BN34 -to sd_cs_n
set_location_assignment PIN_BM34 -to sd_we_n
set_location_assignment PIN_BH40 -to sd_cas_n
set_location_assignment PIN_BM31 -to sd_ras_n
set_location_assignment PIN_BE6  -to sd_dqm[0]
set_location_assignment PIN_BM19 -to sd_dqm[1]
set_location_assignment PIN_BJ2  -to sd_dqm[2]
set_location_assignment PIN_BM14 -to sd_dqm[3]

# IS42VM32160G Table 7: maximum input capacitance, in pF.
set_instance_assignment -name OUTPUT_PIN_LOAD 4 -to {sd_clk}
set_instance_assignment -name OUTPUT_PIN_LOAD 4 -to {sd_cke}
set_instance_assignment -name OUTPUT_PIN_LOAD 4 -to {sd_cs_n}
set_instance_assignment -name OUTPUT_PIN_LOAD 4 -to {sd_ras_n}
set_instance_assignment -name OUTPUT_PIN_LOAD 4 -to {sd_cas_n}
set_instance_assignment -name OUTPUT_PIN_LOAD 4 -to {sd_we_n}
set_instance_assignment -name OUTPUT_PIN_LOAD 4 -to {sd_addr[*]}
set_instance_assignment -name OUTPUT_PIN_LOAD 4 -to {sd_ba[*]}
set_instance_assignment -name OUTPUT_PIN_LOAD 4 -to {sd_dqm[*]}
set_instance_assignment -name OUTPUT_PIN_LOAD 5 -to {sd_dq[*]}
